
Microsoft Visual Studio Solution File, Format Version 12.00
# Visual Studio Version 16
VisualStudioVersion = 16.0.31321.278
MinimumVisualStudioVersion = 10.0.40219.1
Project("{FAE04EC0-301F-11D3-BF4B-00C04F79EFBC}") = "EdMap", "EdMap\EdMap.csproj", "{866C6908-39DD-46BC-B629-4001086E5F52}"
EndProject
Global
	GlobalSection(SolutionConfigurationPlatforms) = preSolution
		Debug|Any CPU = Debug|Any CPU
		Release|Any CPU = Release|Any CPU
	EndGlobalSection
	GlobalSection(ProjectConfigurationPlatforms) = postSolution
		{866C6908-39DD-46BC-B629-4001086E5F52}.Debug|Any CPU.ActiveCfg = Debug|Any CPU
		{866C6908-39DD-46BC-B629-4001086E5F52}.Debug|Any CPU.Build.0 = Debug|Any CPU
		{866C6908-39DD-46BC-B629-4001086E5F52}.Release|Any CPU.ActiveCfg = Release|Any CPU
		{866C6908-39DD-46BC-B629-4001086E5F52}.Release|Any CPU.Build.0 = Release|Any CPU
	EndGlobalSection
	GlobalSection(SolutionProperties) = preSolution
		HideSolutionNode = FALSE
	EndGlobalSection
	GlobalSection(ExtensibilityGlobals) = postSolution
		SolutionGuid = {5B6DADAA-BE1E-4CBB-B3F3-413E5622B881}
	EndGlobalSection
EndGlobal
